
Microsoft Visual Studio Solution File, Format Version 12.00
# Visual Studio Version 16
VisualStudioVersion = 16.0.29806.167
MinimumVisualStudioVersion = 10.0.40219.1
Project("{FAE04EC0-301F-11D3-BF4B-00C04F79EFBC}") = "NMIConnectionCSharp", "NMIConnectionCSharp\NMIConnectionCSharp.csproj", "{0A998A7E-2891-486E-91CE-D050C7664ACF}"
EndProject
Global
	GlobalSection(SolutionConfigurationPlatforms) = preSolution
		Debug|Any CPU = Debug|Any CPU
		Release|Any CPU = Release|Any CPU
	EndGlobalSection
	GlobalSection(ProjectConfigurationPlatforms) = postSolution
		{0A998A7E-2891-486E-91CE-D050C7664ACF}.Debug|Any CPU.ActiveCfg = Debug|Any CPU
		{0A998A7E-2891-486E-91CE-D050C7664ACF}.Debug|Any CPU.Build.0 = Debug|Any CPU
		{0A998A7E-2891-486E-91CE-D050C7664ACF}.Release|Any CPU.ActiveCfg = Release|Any CPU
		{0A998A7E-2891-486E-91CE-D050C7664ACF}.Release|Any CPU.Build.0 = Release|Any CPU
	EndGlobalSection
	GlobalSection(SolutionProperties) = preSolution
		HideSolutionNode = FALSE
	EndGlobalSection
	GlobalSection(ExtensibilityGlobals) = postSolution
		SolutionGuid = {62C02DCB-ECEF-417D-B5B4-050C716F4732}
	EndGlobalSection
EndGlobal
